
Microsoft Visual Studio Solution File, Format Version 12.00
# Visual Studio Version 17
VisualStudioVersion = 17.13.35825.156 d17.13
MinimumVisualStudioVersion = 10.0.40219.1
Project("{FAE04EC0-301F-11D3-BF4B-00C04F79EFBC}") = "gridgenerator", "gridgenerator\gridgenerator.csproj", "{281B4853-0E18-438D-9DE7-4CFF8AD33E24}"
EndProject
Global
	GlobalSection(SolutionConfigurationPlatforms) = preSolution
		Debug|Any CPU = Debug|Any CPU
		Release|Any CPU = Release|Any CPU
	EndGlobalSection
	GlobalSection(ProjectConfigurationPlatforms) = postSolution
		{281B4853-0E18-438D-9DE7-4CFF8AD33E24}.Debug|Any CPU.ActiveCfg = Debug|Any CPU
		{281B4853-0E18-438D-9DE7-4CFF8AD33E24}.Debug|Any CPU.Build.0 = Debug|Any CPU
		{281B4853-0E18-438D-9DE7-4CFF8AD33E24}.Release|Any CPU.ActiveCfg = Release|Any CPU
		{281B4853-0E18-438D-9DE7-4CFF8AD33E24}.Release|Any CPU.Build.0 = Release|Any CPU
	EndGlobalSection
	GlobalSection(SolutionProperties) = preSolution
		HideSolutionNode = FALSE
	EndGlobalSection
	GlobalSection(ExtensibilityGlobals) = postSolution
		SolutionGuid = {8FDB3B8A-4DD8-4085-9AF5-43BE83C0C4F4}
	EndGlobalSection
EndGlobal
